
Microsoft Visual Studio Solution File, Format Version 12.00
# Visual Studio Version 17
VisualStudioVersion = 17.14.36603.0 d17.14
MinimumVisualStudioVersion = 10.0.40219.1
Project("{FAE04EC0-301F-11D3-BF4B-00C04F79EFBC}") = "WebAPI", "LeaveManagementSystem\WebAPI.csproj", "{D55B8AA0-550C-450E-B772-D3A968AEE249}"
EndProject
Project("{FAE04EC0-301F-11D3-BF4B-00C04F79EFBC}") = "Domain", "Domain\Domain.csproj", "{26744D47-D7B4-48FC-8A19-E77D3F29F425}"
EndProject
Project("{FAE04EC0-301F-11D3-BF4B-00C04F79EFBC}") = "Application", "Application\Application.csproj", "{702226D3-57BE-4685-91B3-26DF6F74359E}"
EndProject
Project("{FAE04EC0-301F-11D3-BF4B-00C04F79EFBC}") = "Infrastructure", "Infrastructure\Infrastructure.csproj", "{82FBC02F-774C-4311-844C-92BFFD5696BC}"
EndProject
Global
	GlobalSection(SolutionConfigurationPlatforms) = preSolution
		Debug|Any CPU = Debug|Any CPU
		Release|Any CPU = Release|Any CPU
	EndGlobalSection
	GlobalSection(ProjectConfigurationPlatforms) = postSolution
		{D55B8AA0-550C-450E-B772-D3A968AEE249}.Debug|Any CPU.ActiveCfg = Debug|Any CPU
		{D55B8AA0-550C-450E-B772-D3A968AEE249}.Debug|Any CPU.Build.0 = Debug|Any CPU
		{D55B8AA0-550C-450E-B772-D3A968AEE249}.Release|Any CPU.ActiveCfg = Release|Any CPU
		{D55B8AA0-550C-450E-B772-D3A968AEE249}.Release|Any CPU.Build.0 = Release|Any CPU
		{26744D47-D7B4-48FC-8A19-E77D3F29F425}.Debug|Any CPU.ActiveCfg = Debug|Any CPU
		{26744D47-D7B4-48FC-8A19-E77D3F29F425}.Debug|Any CPU.Build.0 = Debug|Any CPU
		{26744D47-D7B4-48FC-8A19-E77D3F29F425}.Release|Any CPU.ActiveCfg = Release|Any CPU
		{26744D47-D7B4-48FC-8A19-E77D3F29F425}.Release|Any CPU.Build.0 = Release|Any CPU
		{702226D3-57BE-4685-91B3-26DF6F74359E}.Debug|Any CPU.ActiveCfg = Debug|Any CPU
		{702226D3-57BE-4685-91B3-26DF6F74359E}.Debug|Any CPU.Build.0 = Debug|Any CPU
		{702226D3-57BE-4685-91B3-26DF6F74359E}.Release|Any CPU.ActiveCfg = Release|Any CPU
		{702226D3-57BE-4685-91B3-26DF6F74359E}.Release|Any CPU.Build.0 = Release|Any CPU
		{82FBC02F-774C-4311-844C-92BFFD5696BC}.Debug|Any CPU.ActiveCfg = Debug|Any CPU
		{82FBC02F-774C-4311-844C-92BFFD5696BC}.Debug|Any CPU.Build.0 = Debug|Any CPU
		{82FBC02F-774C-4311-844C-92BFFD5696BC}.Release|Any CPU.ActiveCfg = Release|Any CPU
		{82FBC02F-774C-4311-844C-92BFFD5696BC}.Release|Any CPU.Build.0 = Release|Any CPU
	EndGlobalSection
	GlobalSection(SolutionProperties) = preSolution
		HideSolutionNode = FALSE
	EndGlobalSection
	GlobalSection(ExtensibilityGlobals) = postSolution
		SolutionGuid = {C674E83C-08B1-4684-818C-905BA19FC578}
	EndGlobalSection
EndGlobal
